// !$*UTF8*$!
{
	archiveVersion = 1;
	classes = {
	};
	objectVersion = 46;
	objects = {

/* Begin PBXBuildFile section */
		410D0FED1EDCF4B000A52EB9 /* SettingsViewController.swift in Sources */ = {isa = PBXBuildFile; fileRef = 410D0FEC1EDCF4B000A52EB9 /* SettingsViewController.swift */; };
		410D0FEF1EDDBC3300A52EB9 /* DataManager.swift in Sources */ = {isa = PBXBuildFile; fileRef = 410D0FEE1EDDBC3300A52EB9 /* DataManager.swift */; };
		410D0FF11EDF659900A52EB9 /* PlayerManager.swift in Sources */ = {isa = PBXBuildFile; fileRef = 410D0FF01EDF659900A52EB9 /* PlayerManager.swift */; };
		412451831D489204008AC0E5 /* Fabric.framework in Frameworks */ = {isa = PBXBuildFile; fileRef = 412451811D489204008AC0E5 /* Fabric.framework */; };
		412451841D489204008AC0E5 /* Crashlytics.framework in Frameworks */ = {isa = PBXBuildFile; fileRef = 412451821D489204008AC0E5 /* Crashlytics.framework */; };
		413616401D2E21F000E48944 /* ListBooksViewController.swift in Sources */ = {isa = PBXBuildFile; fileRef = 4136163F1D2E21F000E48944 /* ListBooksViewController.swift */; };
		413616441D30115700E48944 /* Chameleon.framework in Frameworks */ = {isa = PBXBuildFile; fileRef = 413616431D30115700E48944 /* Chameleon.framework */; };
		416B640D1E72F362000E955A /* Extensions.swift in Sources */ = {isa = PBXBuildFile; fileRef = 416B640C1E72F362000E955A /* Extensions.swift */; };
		418B6CFC1D2707F800F974FB /* AppDelegate.swift in Sources */ = {isa = PBXBuildFile; fileRef = 418B6CFB1D2707F800F974FB /* AppDelegate.swift */; };
		418B6D031D2707F800F974FB /* Main.storyboard in Resources */ = {isa = PBXBuildFile; fileRef = 418B6D011D2707F800F974FB /* Main.storyboard */; };
		418B6D051D2707F800F974FB /* Assets.xcassets in Resources */ = {isa = PBXBuildFile; fileRef = 418B6D041D2707F800F974FB /* Assets.xcassets */; };
		418B6D081D2707F800F974FB /* LaunchScreen.storyboard in Resources */ = {isa = PBXBuildFile; fileRef = 418B6D061D2707F800F974FB /* LaunchScreen.storyboard */; };
		418B6D131D2707F800F974FB /* Audiobook_PlayerTests.swift in Sources */ = {isa = PBXBuildFile; fileRef = 418B6D121D2707F800F974FB /* Audiobook_PlayerTests.swift */; };
		418B6D5D1D2CB76900F974FB /* PlayerViewController.swift in Sources */ = {isa = PBXBuildFile; fileRef = 418B6D5C1D2CB76900F974FB /* PlayerViewController.swift */; };
		41AB1C131D30298800AC1AA0 /* MBProgressHUD.framework in Frameworks */ = {isa = PBXBuildFile; fileRef = 41AB1C121D30298800AC1AA0 /* MBProgressHUD.framework */; };
		41B2AC8E1D43CCE8005382A9 /* ChaptersViewController.swift in Sources */ = {isa = PBXBuildFile; fileRef = 41B2AC8D1D43CCE8005382A9 /* ChaptersViewController.swift */; };
		41B2AC901D43CD2F005382A9 /* SpeedViewController.swift in Sources */ = {isa = PBXBuildFile; fileRef = 41B2AC8F1D43CD2F005382A9 /* SpeedViewController.swift */; };
		41B2AC921D441627005382A9 /* MoreViewController.swift in Sources */ = {isa = PBXBuildFile; fileRef = 41B2AC911D441627005382A9 /* MoreViewController.swift */; };
		41B9553E1F9E5149000C9231 /* DeckTransition.framework in Frameworks */ = {isa = PBXBuildFile; fileRef = 41B9553D1F9E5149000C9231 /* DeckTransition.framework */; };
		41B955441F9E552A000C9231 /* DeckTransition.framework in Embed Frameworks */ = {isa = PBXBuildFile; fileRef = 41B9553D1F9E5149000C9231 /* DeckTransition.framework */; settings = {ATTRIBUTES = (CodeSignOnCopy, RemoveHeadersOnCopy, ); }; };
/* End PBXBuildFile section */

/* Begin PBXContainerItemProxy section */
		418B6D0F1D2707F800F974FB /* PBXContainerItemProxy */ = {
			isa = PBXContainerItemProxy;
			containerPortal = 418B6CF01D2707F700F974FB /* Project object */;
			proxyType = 1;
			remoteGlobalIDString = 418B6CF71D2707F800F974FB;
			remoteInfo = "Audiobook Player";
		};
/* End PBXContainerItemProxy section */

/* Begin PBXCopyFilesBuildPhase section */
		41B955451F9E552B000C9231 /* Embed Frameworks */ = {
			isa = PBXCopyFilesBuildPhase;
			buildActionMask = 2147483647;
			dstPath = "";
			dstSubfolderSpec = 10;
			files = (
				41B955441F9E552A000C9231 /* DeckTransition.framework in Embed Frameworks */,
			);
			name = "Embed Frameworks";
			runOnlyForDeploymentPostprocessing = 0;
		};
/* End PBXCopyFilesBuildPhase section */

/* Begin PBXFileReference section */
		410D0FEC1EDCF4B000A52EB9 /* SettingsViewController.swift */ = {isa = PBXFileReference; fileEncoding = 4; lastKnownFileType = sourcecode.swift; path = SettingsViewController.swift; sourceTree = "<group>"; };
		410D0FEE1EDDBC3300A52EB9 /* DataManager.swift */ = {isa = PBXFileReference; fileEncoding = 4; lastKnownFileType = sourcecode.swift; path = DataManager.swift; sourceTree = "<group>"; };
		410D0FF01EDF659900A52EB9 /* PlayerManager.swift */ = {isa = PBXFileReference; fileEncoding = 4; lastKnownFileType = sourcecode.swift; path = PlayerManager.swift; sourceTree = "<group>"; };
		412451811D489204008AC0E5 /* Fabric.framework */ = {isa = PBXFileReference; lastKnownFileType = wrapper.framework; path = Fabric.framework; sourceTree = "<group>"; };
		412451821D489204008AC0E5 /* Crashlytics.framework */ = {isa = PBXFileReference; lastKnownFileType = wrapper.framework; path = Crashlytics.framework; sourceTree = "<group>"; };
		4136163F1D2E21F000E48944 /* ListBooksViewController.swift */ = {isa = PBXFileReference; fileEncoding = 4; lastKnownFileType = sourcecode.swift; path = ListBooksViewController.swift; sourceTree = "<group>"; };
		413616431D30115700E48944 /* Chameleon.framework */ = {isa = PBXFileReference; lastKnownFileType = wrapper.framework; name = Chameleon.framework; path = Carthage/Build/iOS/Chameleon.framework; sourceTree = "<group>"; };
		416B640C1E72F362000E955A /* Extensions.swift */ = {isa = PBXFileReference; fileEncoding = 4; lastKnownFileType = sourcecode.swift; path = Extensions.swift; sourceTree = "<group>"; };
		418B6CF81D2707F800F974FB /* Audiobook Player.app */ = {isa = PBXFileReference; explicitFileType = wrapper.application; includeInIndex = 0; path = "Audiobook Player.app"; sourceTree = BUILT_PRODUCTS_DIR; };
		418B6CFB1D2707F800F974FB /* AppDelegate.swift */ = {isa = PBXFileReference; lastKnownFileType = sourcecode.swift; path = AppDelegate.swift; sourceTree = "<group>"; };
		418B6D021D2707F800F974FB /* Base */ = {isa = PBXFileReference; lastKnownFileType = file.storyboard; name = Base; path = Base.lproj/Main.storyboard; sourceTree = "<group>"; };
		418B6D041D2707F800F974FB /* Assets.xcassets */ = {isa = PBXFileReference; lastKnownFileType = folder.assetcatalog; path = Assets.xcassets; sourceTree = "<group>"; };
		418B6D071D2707F800F974FB /* Base */ = {isa = PBXFileReference; lastKnownFileType = file.storyboard; name = Base; path = Base.lproj/LaunchScreen.storyboard; sourceTree = "<group>"; };
		418B6D091D2707F800F974FB /* Info.plist */ = {isa = PBXFileReference; lastKnownFileType = text.plist.xml; path = Info.plist; sourceTree = "<group>"; };
		418B6D0E1D2707F800F974FB /* Audiobook PlayerTests.xctest */ = {isa = PBXFileReference; explicitFileType = wrapper.cfbundle; includeInIndex = 0; path = "Audiobook PlayerTests.xctest"; sourceTree = BUILT_PRODUCTS_DIR; };
		418B6D121D2707F800F974FB /* Audiobook_PlayerTests.swift */ = {isa = PBXFileReference; lastKnownFileType = sourcecode.swift; path = Audiobook_PlayerTests.swift; sourceTree = "<group>"; };
		418B6D141D2707F800F974FB /* Info.plist */ = {isa = PBXFileReference; lastKnownFileType = text.plist.xml; path = Info.plist; sourceTree = "<group>"; };
		418B6D5C1D2CB76900F974FB /* PlayerViewController.swift */ = {isa = PBXFileReference; fileEncoding = 4; lastKnownFileType = sourcecode.swift; path = PlayerViewController.swift; sourceTree = "<group>"; };
		419196341D47CC4E007A3AF3 /* Audiobook Player.entitlements */ = {isa = PBXFileReference; lastKnownFileType = text.xml; path = "Audiobook Player.entitlements"; sourceTree = "<group>"; };
		41AB1C121D30298800AC1AA0 /* MBProgressHUD.framework */ = {isa = PBXFileReference; lastKnownFileType = wrapper.framework; name = MBProgressHUD.framework; path = Carthage/Build/iOS/MBProgressHUD.framework; sourceTree = "<group>"; };
		41B2AC8D1D43CCE8005382A9 /* ChaptersViewController.swift */ = {isa = PBXFileReference; fileEncoding = 4; lastKnownFileType = sourcecode.swift; path = ChaptersViewController.swift; sourceTree = "<group>"; };
		41B2AC8F1D43CD2F005382A9 /* SpeedViewController.swift */ = {isa = PBXFileReference; fileEncoding = 4; lastKnownFileType = sourcecode.swift; path = SpeedViewController.swift; sourceTree = "<group>"; };
		41B2AC911D441627005382A9 /* MoreViewController.swift */ = {isa = PBXFileReference; fileEncoding = 4; lastKnownFileType = sourcecode.swift; path = MoreViewController.swift; sourceTree = "<group>"; };
		41B9553D1F9E5149000C9231 /* DeckTransition.framework */ = {isa = PBXFileReference; lastKnownFileType = wrapper.framework; name = DeckTransition.framework; path = Carthage/Build/iOS/DeckTransition.framework; sourceTree = "<group>"; };
/* End PBXFileReference section */

/* Begin PBXFrameworksBuildPhase section */
		418B6CF51D2707F800F974FB /* Frameworks */ = {
			isa = PBXFrameworksBuildPhase;
			buildActionMask = 2147483647;
			files = (
				41B9553E1F9E5149000C9231 /* DeckTransition.framework in Frameworks */,
				413616441D30115700E48944 /* Chameleon.framework in Frameworks */,
				41AB1C131D30298800AC1AA0 /* MBProgressHUD.framework in Frameworks */,
				412451841D489204008AC0E5 /* Crashlytics.framework in Frameworks */,
				412451831D489204008AC0E5 /* Fabric.framework in Frameworks */,
			);
			runOnlyForDeploymentPostprocessing = 0;
		};
		418B6D0B1D2707F800F974FB /* Frameworks */ = {
			isa = PBXFrameworksBuildPhase;
			buildActionMask = 2147483647;
			files = (
			);
			runOnlyForDeploymentPostprocessing = 0;
		};
/* End PBXFrameworksBuildPhase section */

/* Begin PBXGroup section */
		416B640B1E72F328000E955A /* Controllers */ = {
			isa = PBXGroup;
			children = (
				41B2AC931D4417EE005382A9 /* Player Modals */,
				4136163F1D2E21F000E48944 /* ListBooksViewController.swift */,
				418B6D5C1D2CB76900F974FB /* PlayerViewController.swift */,
				410D0FEC1EDCF4B000A52EB9 /* SettingsViewController.swift */,
			);
			name = Controllers;
			sourceTree = "<group>";
		};
		418B6CEF1D2707F700F974FB = {
			isa = PBXGroup;
			children = (
				418B6CFA1D2707F800F974FB /* Audiobook Player */,
				418B6D111D2707F800F974FB /* Audiobook PlayerTests */,
				418B6CF91D2707F800F974FB /* Products */,
				41AABFFA1E705D18006BD2E0 /* Frameworks */,
			);
			sourceTree = "<group>";
		};
		418B6CF91D2707F800F974FB /* Products */ = {
			isa = PBXGroup;
			children = (
				418B6CF81D2707F800F974FB /* Audiobook Player.app */,
				418B6D0E1D2707F800F974FB /* Audiobook PlayerTests.xctest */,
			);
			name = Products;
			sourceTree = "<group>";
		};
		418B6CFA1D2707F800F974FB /* Audiobook Player */ = {
			isa = PBXGroup;
			children = (
				419196341D47CC4E007A3AF3 /* Audiobook Player.entitlements */,
				41B955461F9E5E4E000C9231 /* Managers */,
				416B640B1E72F328000E955A /* Controllers */,
				416B640C1E72F362000E955A /* Extensions.swift */,
				418B6CFB1D2707F800F974FB /* AppDelegate.swift */,
				418B6D011D2707F800F974FB /* Main.storyboard */,
				418B6D041D2707F800F974FB /* Assets.xcassets */,
				418B6D061D2707F800F974FB /* LaunchScreen.storyboard */,
				418B6D091D2707F800F974FB /* Info.plist */,
			);
			path = "Audiobook Player";
			sourceTree = "<group>";
		};
		418B6D111D2707F800F974FB /* Audiobook PlayerTests */ = {
			isa = PBXGroup;
			children = (
				418B6D121D2707F800F974FB /* Audiobook_PlayerTests.swift */,
				418B6D141D2707F800F974FB /* Info.plist */,
			);
			path = "Audiobook PlayerTests";
			sourceTree = "<group>";
		};
		41AABFFA1E705D18006BD2E0 /* Frameworks */ = {
			isa = PBXGroup;
			children = (
				41B9553D1F9E5149000C9231 /* DeckTransition.framework */,
				412451811D489204008AC0E5 /* Fabric.framework */,
				412451821D489204008AC0E5 /* Crashlytics.framework */,
				41AB1C121D30298800AC1AA0 /* MBProgressHUD.framework */,
				413616431D30115700E48944 /* Chameleon.framework */,
			);
			name = Frameworks;
			sourceTree = "<group>";
		};
		41B2AC931D4417EE005382A9 /* Player Modals */ = {
			isa = PBXGroup;
			children = (
				41B2AC8D1D43CCE8005382A9 /* ChaptersViewController.swift */,
				41B2AC8F1D43CD2F005382A9 /* SpeedViewController.swift */,
				41B2AC911D441627005382A9 /* MoreViewController.swift */,
			);
			name = "Player Modals";
			sourceTree = "<group>";
		};
		41B955461F9E5E4E000C9231 /* Managers */ = {
			isa = PBXGroup;
			children = (
				410D0FF01EDF659900A52EB9 /* PlayerManager.swift */,
				410D0FEE1EDDBC3300A52EB9 /* DataManager.swift */,
			);
			name = Managers;
			sourceTree = "<group>";
		};
/* End PBXGroup section */

/* Begin PBXNativeTarget section */
		418B6CF71D2707F800F974FB /* Audiobook Player */ = {
			isa = PBXNativeTarget;
			buildConfigurationList = 418B6D171D2707F800F974FB /* Build configuration list for PBXNativeTarget "Audiobook Player" */;
			buildPhases = (
				418B6CF41D2707F800F974FB /* Sources */,
				418B6CF51D2707F800F974FB /* Frameworks */,
				418B6CF61D2707F800F974FB /* Resources */,
				413616421D30100100E48944 /* ShellScript */,
				412451801D4891EF008AC0E5 /* ShellScript */,
				41B955451F9E552B000C9231 /* Embed Frameworks */,
			);
			buildRules = (
			);
			dependencies = (
			);
			name = "Audiobook Player";
			productName = "Audiobook Player";
			productReference = 418B6CF81D2707F800F974FB /* Audiobook Player.app */;
			productType = "com.apple.product-type.application";
		};
		418B6D0D1D2707F800F974FB /* Audiobook PlayerTests */ = {
			isa = PBXNativeTarget;
			buildConfigurationList = 418B6D1A1D2707F800F974FB /* Build configuration list for PBXNativeTarget "Audiobook PlayerTests" */;
			buildPhases = (
				418B6D0A1D2707F800F974FB /* Sources */,
				418B6D0B1D2707F800F974FB /* Frameworks */,
				418B6D0C1D2707F800F974FB /* Resources */,
			);
			buildRules = (
			);
			dependencies = (
				418B6D101D2707F800F974FB /* PBXTargetDependency */,
			);
			name = "Audiobook PlayerTests";
			productName = "Audiobook PlayerTests";
			productReference = 418B6D0E1D2707F800F974FB /* Audiobook PlayerTests.xctest */;
			productType = "com.apple.product-type.bundle.unit-test";
		};
/* End PBXNativeTarget section */

/* Begin PBXProject section */
		418B6CF01D2707F700F974FB /* Project object */ = {
			isa = PBXProject;
			attributes = {
				LastSwiftUpdateCheck = 0730;
				LastUpgradeCheck = 0900;
				ORGANIZATIONNAME = "Tortuga Power";
				TargetAttributes = {
					418B6CF71D2707F800F974FB = {
						CreatedOnToolsVersion = 7.3;
						DevelopmentTeam = S7TJSJXWUZ;
						LastSwiftMigration = 0900;
						SystemCapabilities = {
							com.apple.BackgroundModes = {
								enabled = 1;
							};
							com.apple.iCloud = {
								enabled = 1;
							};
						};
					};
					418B6D0D1D2707F800F974FB = {
						CreatedOnToolsVersion = 7.3;
						LastSwiftMigration = 0900;
						TestTargetID = 418B6CF71D2707F800F974FB;
					};
				};
			};
			buildConfigurationList = 418B6CF31D2707F700F974FB /* Build configuration list for PBXProject "Audiobook Player" */;
			compatibilityVersion = "Xcode 3.2";
			developmentRegion = English;
			hasScannedForEncodings = 0;
			knownRegions = (
				en,
				Base,
			);
			mainGroup = 418B6CEF1D2707F700F974FB;
			productRefGroup = 418B6CF91D2707F800F974FB /* Products */;
			projectDirPath = "";
			projectRoot = "";
			targets = (
				418B6CF71D2707F800F974FB /* Audiobook Player */,
				418B6D0D1D2707F800F974FB /* Audiobook PlayerTests */,
			);
		};
/* End PBXProject section */

/* Begin PBXResourcesBuildPhase section */
		418B6CF61D2707F800F974FB /* Resources */ = {
			isa = PBXResourcesBuildPhase;
			buildActionMask = 2147483647;
			files = (
				418B6D081D2707F800F974FB /* LaunchScreen.storyboard in Resources */,
				418B6D051D2707F800F974FB /* Assets.xcassets in Resources */,
				418B6D031D2707F800F974FB /* Main.storyboard in Resources */,
			);
			runOnlyForDeploymentPostprocessing = 0;
		};
		418B6D0C1D2707F800F974FB /* Resources */ = {
			isa = PBXResourcesBuildPhase;
			buildActionMask = 2147483647;
			files = (
			);
			runOnlyForDeploymentPostprocessing = 0;
		};
/* End PBXResourcesBuildPhase section */

/* Begin PBXShellScriptBuildPhase section */
		412451801D4891EF008AC0E5 /* ShellScript */ = {
			isa = PBXShellScriptBuildPhase;
			buildActionMask = 2147483647;
			files = (
			);
			inputPaths = (
			);
			outputPaths = (
			);
			runOnlyForDeploymentPostprocessing = 0;
			shellPath = /bin/sh;
			shellScript = "./Fabric.framework/run fff3f019692513e38df260d5e737614c67a35eaa 0976c00131dd6676fe42981de5bdda9a9ee35f1ac0425c43c0bd56aaf385198e";
		};
		413616421D30100100E48944 /* ShellScript */ = {
			isa = PBXShellScriptBuildPhase;
			buildActionMask = 2147483647;
			files = (
			);
			inputPaths = (
				"$(SRCROOT)/Carthage/Build/iOS/Chameleon.framework",
				"$(SRCROOT)/Carthage/Build/iOS/MBProgressHUD.framework",
			);
			outputPaths = (
			);
			runOnlyForDeploymentPostprocessing = 0;
			shellPath = /bin/sh;
			shellScript = "/usr/local/bin/carthage copy-frameworks";
		};
/* End PBXShellScriptBuildPhase section */

/* Begin PBXSourcesBuildPhase section */
		418B6CF41D2707F800F974FB /* Sources */ = {
			isa = PBXSourcesBuildPhase;
			buildActionMask = 2147483647;
			files = (
				410D0FF11EDF659900A52EB9 /* PlayerManager.swift in Sources */,
				41B2AC8E1D43CCE8005382A9 /* ChaptersViewController.swift in Sources */,
				41B2AC901D43CD2F005382A9 /* SpeedViewController.swift in Sources */,
				413616401D2E21F000E48944 /* ListBooksViewController.swift in Sources */,
				41B2AC921D441627005382A9 /* MoreViewController.swift in Sources */,
				418B6CFC1D2707F800F974FB /* AppDelegate.swift in Sources */,
				418B6D5D1D2CB76900F974FB /* PlayerViewController.swift in Sources */,
				416B640D1E72F362000E955A /* Extensions.swift in Sources */,
				410D0FEF1EDDBC3300A52EB9 /* DataManager.swift in Sources */,
				410D0FED1EDCF4B000A52EB9 /* SettingsViewController.swift in Sources */,
			);
			runOnlyForDeploymentPostprocessing = 0;
		};
		418B6D0A1D2707F800F974FB /* Sources */ = {
			isa = PBXSourcesBuildPhase;
			buildActionMask = 2147483647;
			files = (
				418B6D131D2707F800F974FB /* Audiobook_PlayerTests.swift in Sources */,
			);
			runOnlyForDeploymentPostprocessing = 0;
		};
/* End PBXSourcesBuildPhase section */

/* Begin PBXTargetDependency section */
		418B6D101D2707F800F974FB /* PBXTargetDependency */ = {
			isa = PBXTargetDependency;
			target = 418B6CF71D2707F800F974FB /* Audiobook Player */;
			targetProxy = 418B6D0F1D2707F800F974FB /* PBXContainerItemProxy */;
		};
/* End PBXTargetDependency section */

/* Begin PBXVariantGroup section */
		418B6D011D2707F800F974FB /* Main.storyboard */ = {
			isa = PBXVariantGroup;
			children = (
				418B6D021D2707F800F974FB /* Base */,
			);
			name = Main.storyboard;
			sourceTree = "<group>";
		};
		418B6D061D2707F800F974FB /* LaunchScreen.storyboard */ = {
			isa = PBXVariantGroup;
			children = (
				418B6D071D2707F800F974FB /* Base */,
			);
			name = LaunchScreen.storyboard;
			sourceTree = "<group>";
		};
/* End PBXVariantGroup section */

/* Begin XCBuildConfiguration section */
		418B6D151D2707F800F974FB /* Debug */ = {
			isa = XCBuildConfiguration;
			buildSettings = {
				ALWAYS_SEARCH_USER_PATHS = NO;
				CLANG_ANALYZER_NONNULL = YES;
				CLANG_CXX_LANGUAGE_STANDARD = "gnu++0x";
				CLANG_CXX_LIBRARY = "libc++";
				CLANG_ENABLE_MODULES = YES;
				CLANG_ENABLE_OBJC_ARC = YES;
				CLANG_WARN_BLOCK_CAPTURE_AUTORELEASING = YES;
				CLANG_WARN_BOOL_CONVERSION = YES;
				CLANG_WARN_COMMA = YES;
				CLANG_WARN_CONSTANT_CONVERSION = YES;
				CLANG_WARN_DIRECT_OBJC_ISA_USAGE = YES_ERROR;
				CLANG_WARN_EMPTY_BODY = YES;
				CLANG_WARN_ENUM_CONVERSION = YES;
				CLANG_WARN_INFINITE_RECURSION = YES;
				CLANG_WARN_INT_CONVERSION = YES;
				CLANG_WARN_NON_LITERAL_NULL_CONVERSION = YES;
				CLANG_WARN_OBJC_LITERAL_CONVERSION = YES;
				CLANG_WARN_OBJC_ROOT_CLASS = YES_ERROR;
				CLANG_WARN_RANGE_LOOP_ANALYSIS = YES;
				CLANG_WARN_STRICT_PROTOTYPES = YES;
				CLANG_WARN_SUSPICIOUS_MOVE = YES;
				CLANG_WARN_UNREACHABLE_CODE = YES;
				CLANG_WARN__DUPLICATE_METHOD_MATCH = YES;
				"CODE_SIGN_IDENTITY[sdk=iphoneos*]" = "iPhone Developer";
				COPY_PHASE_STRIP = NO;
				DEBUG_INFORMATION_FORMAT = dwarf;
				ENABLE_STRICT_OBJC_MSGSEND = YES;
				ENABLE_TESTABILITY = YES;
				GCC_C_LANGUAGE_STANDARD = gnu99;
				GCC_DYNAMIC_NO_PIC = NO;
				GCC_NO_COMMON_BLOCKS = YES;
				GCC_OPTIMIZATION_LEVEL = 0;
				GCC_PREPROCESSOR_DEFINITIONS = (
					"DEBUG=1",
					"$(inherited)",
				);
				GCC_WARN_64_TO_32_BIT_CONVERSION = YES;
				GCC_WARN_ABOUT_RETURN_TYPE = YES_ERROR;
				GCC_WARN_UNDECLARED_SELECTOR = YES;
				GCC_WARN_UNINITIALIZED_AUTOS = YES_AGGRESSIVE;
				GCC_WARN_UNUSED_FUNCTION = YES;
				GCC_WARN_UNUSED_VARIABLE = YES;
				IPHONEOS_DEPLOYMENT_TARGET = 9.3;
				MTL_ENABLE_DEBUG_INFO = YES;
				ONLY_ACTIVE_ARCH = YES;
				SDKROOT = iphoneos;
				SWIFT_OPTIMIZATION_LEVEL = "-Onone";
				TARGETED_DEVICE_FAMILY = "1,2";
			};
			name = Debug;
		};
		418B6D161D2707F800F974FB /* Release */ = {
			isa = XCBuildConfiguration;
			buildSettings = {
				ALWAYS_SEARCH_USER_PATHS = NO;
				CLANG_ANALYZER_NONNULL = YES;
				CLANG_CXX_LANGUAGE_STANDARD = "gnu++0x";
				CLANG_CXX_LIBRARY = "libc++";
				CLANG_ENABLE_MODULES = YES;
				CLANG_ENABLE_OBJC_ARC = YES;
				CLANG_WARN_BLOCK_CAPTURE_AUTORELEASING = YES;
				CLANG_WARN_BOOL_CONVERSION = YES;
				CLANG_WARN_COMMA = YES;
				CLANG_WARN_CONSTANT_CONVERSION = YES;
				CLANG_WARN_DIRECT_OBJC_ISA_USAGE = YES_ERROR;
				CLANG_WARN_EMPTY_BODY = YES;
				CLANG_WARN_ENUM_CONVERSION = YES;
				CLANG_WARN_INFINITE_RECURSION = YES;
				CLANG_WARN_INT_CONVERSION = YES;
				CLANG_WARN_NON_LITERAL_NULL_CONVERSION = YES;
				CLANG_WARN_OBJC_LITERAL_CONVERSION = YES;
				CLANG_WARN_OBJC_ROOT_CLASS = YES_ERROR;
				CLANG_WARN_RANGE_LOOP_ANALYSIS = YES;
				CLANG_WARN_STRICT_PROTOTYPES = YES;
				CLANG_WARN_SUSPICIOUS_MOVE = YES;
				CLANG_WARN_UNREACHABLE_CODE = YES;
				CLANG_WARN__DUPLICATE_METHOD_MATCH = YES;
				"CODE_SIGN_IDENTITY[sdk=iphoneos*]" = "iPhone Developer";
				COPY_PHASE_STRIP = NO;
				DEBUG_INFORMATION_FORMAT = "dwarf-with-dsym";
				ENABLE_NS_ASSERTIONS = NO;
				ENABLE_STRICT_OBJC_MSGSEND = YES;
				GCC_C_LANGUAGE_STANDARD = gnu99;
				GCC_NO_COMMON_BLOCKS = YES;
				GCC_WARN_64_TO_32_BIT_CONVERSION = YES;
				GCC_WARN_ABOUT_RETURN_TYPE = YES_ERROR;
				GCC_WARN_UNDECLARED_SELECTOR = YES;
				GCC_WARN_UNINITIALIZED_AUTOS = YES_AGGRESSIVE;
				GCC_WARN_UNUSED_FUNCTION = YES;
				GCC_WARN_UNUSED_VARIABLE = YES;
				IPHONEOS_DEPLOYMENT_TARGET = 9.3;
				MTL_ENABLE_DEBUG_INFO = NO;
				SDKROOT = iphoneos;
				SWIFT_OPTIMIZATION_LEVEL = "-Owholemodule";
				TARGETED_DEVICE_FAMILY = "1,2";
				VALIDATE_PRODUCT = YES;
			};
			name = Release;
		};
		418B6D181D2707F800F974FB /* Debug */ = {
			isa = XCBuildConfiguration;
			buildSettings = {
				ASSETCATALOG_COMPILER_APPICON_NAME = AppIcon;
				CODE_SIGN_ENTITLEMENTS = "Audiobook Player/Audiobook Player.entitlements";
				CODE_SIGN_IDENTITY = "iPhone Developer";
				DEBUG_INFORMATION_FORMAT = "dwarf-with-dsym";
				DEVELOPMENT_TEAM = S7TJSJXWUZ;
				FRAMEWORK_SEARCH_PATHS = (
					"$(inherited)",
					"$(PROJECT_DIR)/Carthage/Build/iOS",
					"$(PROJECT_DIR)",
				);
				INFOPLIST_FILE = "Audiobook Player/Info.plist";
				LD_RUNPATH_SEARCH_PATHS = "$(inherited) @executable_path/Frameworks";
				PRODUCT_BUNDLE_IDENTIFIER = com.tortugapower.audiobookplayer;
				PRODUCT_NAME = "$(TARGET_NAME)";
				SWIFT_SWIFT3_OBJC_INFERENCE = Default;
				SWIFT_VERSION = 4.0;
				TARGETED_DEVICE_FAMILY = 1;
			};
			name = Debug;
		};
		418B6D191D2707F800F974FB /* Release */ = {
			isa = XCBuildConfiguration;
			buildSettings = {
				ASSETCATALOG_COMPILER_APPICON_NAME = AppIcon;
				CODE_SIGN_ENTITLEMENTS = "Audiobook Player/Audiobook Player.entitlements";
				CODE_SIGN_IDENTITY = "iPhone Developer";
				DEVELOPMENT_TEAM = S7TJSJXWUZ;
				FRAMEWORK_SEARCH_PATHS = (
					"$(inherited)",
					"$(PROJECT_DIR)/Carthage/Build/iOS",
					"$(PROJECT_DIR)",
				);
				INFOPLIST_FILE = "Audiobook Player/Info.plist";
				LD_RUNPATH_SEARCH_PATHS = "$(inherited) @executable_path/Frameworks";
				PRODUCT_BUNDLE_IDENTIFIER = com.tortugapower.audiobookplayer;
				PRODUCT_NAME = "$(TARGET_NAME)";
				SWIFT_SWIFT3_OBJC_INFERENCE = Default;
				SWIFT_VERSION = 4.0;
				TARGETED_DEVICE_FAMILY = 1;
			};
			name = Release;
		};
		418B6D1B1D2707F800F974FB /* Debug */ = {
			isa = XCBuildConfiguration;
			buildSettings = {
				BUNDLE_LOADER = "$(TEST_HOST)";
				INFOPLIST_FILE = "Audiobook PlayerTests/Info.plist";
				LD_RUNPATH_SEARCH_PATHS = "$(inherited) @executable_path/Frameworks @loader_path/Frameworks";
				PRODUCT_BUNDLE_IDENTIFIER = "com.tortugapower.Audiobook-PlayerTests";
				PRODUCT_NAME = "$(TARGET_NAME)";
				SWIFT_SWIFT3_OBJC_INFERENCE = On;
				SWIFT_VERSION = 4.0;
				TEST_HOST = "$(BUILT_PRODUCTS_DIR)/Audiobook Player.app/Audiobook Player";
			};
			name = Debug;
		};
		418B6D1C1D2707F800F974FB /* Release */ = {
			isa = XCBuildConfiguration;
			buildSettings = {
				BUNDLE_LOADER = "$(TEST_HOST)";
				INFOPLIST_FILE = "Audiobook PlayerTests/Info.plist";
				LD_RUNPATH_SEARCH_PATHS = "$(inherited) @executable_path/Frameworks @loader_path/Frameworks";
				PRODUCT_BUNDLE_IDENTIFIER = "com.tortugapower.Audiobook-PlayerTests";
				PRODUCT_NAME = "$(TARGET_NAME)";
				SWIFT_SWIFT3_OBJC_INFERENCE = On;
				SWIFT_VERSION = 4.0;
				TEST_HOST = "$(BUILT_PRODUCTS_DIR)/Audiobook Player.app/Audiobook Player";
			};
			name = Release;
		};
/* End XCBuildConfiguration section */

/* Begin XCConfigurationList section */
		418B6CF31D2707F700F974FB /* Build configuration list for PBXProject "Audiobook Player" */ = {
			isa = XCConfigurationList;
			buildConfigurations = (
				418B6D151D2707F800F974FB /* Debug */,
				418B6D161D2707F800F974FB /* Release */,
			);
			defaultConfigurationIsVisible = 0;
			defaultConfigurationName = Release;
		};
		418B6D171D2707F800F974FB /* Build configuration list for PBXNativeTarget "Audiobook Player" */ = {
			isa = XCConfigurationList;
			buildConfigurations = (
				418B6D181D2707F800F974FB /* Debug */,
				418B6D191D2707F800F974FB /* Release */,
			);
			defaultConfigurationIsVisible = 0;
			defaultConfigurationName = Release;
		};
		418B6D1A1D2707F800F974FB /* Build configuration list for PBXNativeTarget "Audiobook PlayerTests" */ = {
			isa = XCConfigurationList;
			buildConfigurations = (
				418B6D1B1D2707F800F974FB /* Debug */,
				418B6D1C1D2707F800F974FB /* Release */,
			);
			defaultConfigurationIsVisible = 0;
			defaultConfigurationName = Release;
		};
/* End XCConfigurationList section */
	};
	rootObject = 418B6CF01D2707F700F974FB /* Project object */;
}
