{
  "pins" : [
    {
      "identity" : "devicekit",
      "kind" : "remoteSourceControl",
      "location" : "https://github.com/devicekit/DeviceKit.git",
      "state" : {
        "revision" : "e1c258c6070ddd6465265fe4692f29717404aede",
        "version" : "5.2.1"
      }
    },
    {
      "identity" : "directorywatcher",
      "kind" : "remoteSourceControl",
      "location" : "https://github.com/GianniCarlo/DirectoryWatcher.git",
      "state" : {
        "revision" : "76af69f1d19146b0c5d3e38747bb5eabe547143b",
        "version" : "2.7.3"
      }
    },
    {
      "identity" : "idzswiftcommoncrypto",
      "kind" : "remoteSourceControl",
      "location" : "https://github.com/iosdevzone/IDZSwiftCommonCrypto.git",
      "state" : {
        "revision" : "47f9747d12137cd59d783ab376e3ccab7206319b",
        "version" : "0.16.1"
      }
    },
    {
      "identity" : "kingfisher",
      "kind" : "remoteSourceControl",
      "location" : "https://github.com/onevcat/Kingfisher.git",
      "state" : {
        "revision" : "3ec0ab0bca4feb56e8b33e289c9496e89059dd08",
        "version" : "7.10.2"
      }
    },
    {
      "identity" : "marqueelabel",
      "kind" : "remoteSourceControl",
      "location" : "https://github.com/cbpowell/MarqueeLabel.git",
      "state" : {
        "revision" : "ae3cf7c647dd7f67f1946658285f5f0ce2476caf",
        "version" : "4.4.0"
      }
    },
    {
      "identity" : "purchases-ios",
      "kind" : "remoteSourceControl",
      "location" : "https://github.com/RevenueCat/purchases-ios.git",
      "state" : {
        "revision" : "ff4907a2b01fb6e0e891f36e9a14421a5500cc04",
        "version" : "4.31.9"
      }
    },
    {
      "identity" : "sentry-cocoa",
      "kind" : "remoteSourceControl",
      "location" : "https://github.com/getsentry/sentry-cocoa.git",
      "state" : {
        "revision" : "9cf7d2e514af1600cc2b3c5592e2848c6c5a76d6",
        "version" : "8.7.3"
      }
    },
    {
      "identity" : "swiftqueue",
      "kind" : "remoteSourceControl",
      "location" : "https://github.com/lucas34/SwiftQueue.git",
      "state" : {
        "revision" : "2757fe47eec085a1cda750fd398ebb4f2a69f3a4",
        "version" : "6.0.2"
      }
    },
    {
      "identity" : "themeable",
      "kind" : "remoteSourceControl",
      "location" : "https://github.com/GianniCarlo/Themeable.git",
      "state" : {
        "revision" : "28156cf724c6621be2b8916b0f04d43a763e830a",
        "version" : "1.1.0"
      }
    },
    {
      "identity" : "ziparchive",
      "kind" : "remoteSourceControl",
      "location" : "https://github.com/GianniCarlo/ZipArchive.git",
      "state" : {
        "revision" : "57b6c4814fa8608c10bfb059df651e1cba320524",
        "version" : "2.3.0"
      }
    }
  ],
  "version" : 2
}
