{
  "originHash" : "ba453c3eb37ad982efef5d10374603d6da1a1e576981abea5aa656dce0280e2e",
  "pins" : [
    {
      "identity" : "devicekit",
      "kind" : "remoteSourceControl",
      "location" : "https://github.com/devicekit/DeviceKit.git",
      "state" : {
        "revision" : "e1c258c6070ddd6465265fe4692f29717404aede",
        "version" : "5.2.1"
      }
    },
    {
      "identity" : "directorywatcher",
      "kind" : "remoteSourceControl",
      "location" : "https://github.com/GianniCarlo/DirectoryWatcher.git",
      "state" : {
        "revision" : "76af69f1d19146b0c5d3e38747bb5eabe547143b",
        "version" : "2.7.3"
      }
    },
    {
      "identity" : "get",
      "kind" : "remoteSourceControl",
      "location" : "https://github.com/kean/Get",
      "state" : {
        "revision" : "31249885da1052872e0ac91a2943f62567c0d96d",
        "version" : "2.2.1"
      }
    },
    {
      "identity" : "idzswiftcommoncrypto",
      "kind" : "remoteSourceControl",
      "location" : "https://github.com/iosdevzone/IDZSwiftCommonCrypto.git",
      "state" : {
        "revision" : "47f9747d12137cd59d783ab376e3ccab7206319b",
        "version" : "0.16.1"
      }
    },
    {
      "identity" : "jellyfin-sdk-swift",
      "kind" : "remoteSourceControl",
      "location" : "https://github.com/jellyfin/jellyfin-sdk-swift.git",
      "state" : {
        "revision" : "a0e848a7aaec55991610818de6128b15cfcec725",
        "version" : "0.4.0"
      }
    },
    {
      "identity" : "kingfisher",
      "kind" : "remoteSourceControl",
      "location" : "https://github.com/onevcat/Kingfisher.git",
      "state" : {
        "revision" : "3ec0ab0bca4feb56e8b33e289c9496e89059dd08",
        "version" : "7.10.2"
      }
    },
    {
      "identity" : "marqueelabel",
      "kind" : "remoteSourceControl",
      "location" : "https://github.com/cbpowell/MarqueeLabel.git",
      "state" : {
        "revision" : "ae3cf7c647dd7f67f1946658285f5f0ce2476caf",
        "version" : "4.4.0"
      }
    },
    {
      "identity" : "purchases-ios",
      "kind" : "remoteSourceControl",
      "location" : "https://github.com/RevenueCat/purchases-ios.git",
      "state" : {
        "revision" : "c756269d79aa0f34e56d4a7f12f4dcc8c9381d47",
        "version" : "5.20.3"
      }
    },
    {
      "identity" : "realm-core",
      "kind" : "remoteSourceControl",
      "location" : "https://github.com/realm/realm-core.git",
      "state" : {
        "revision" : "a5e87a39cffdcc591f3203c11cfca68100d0b9a6",
        "version" : "13.26.0"
      }
    },
    {
      "identity" : "realm-swift",
      "kind" : "remoteSourceControl",
      "location" : "https://github.com/realm/realm-swift.git",
      "state" : {
        "revision" : "55466ae0fb29c5f21866792f05c1fc0c590d7c29",
        "version" : "10.47.0"
      }
    },
    {
      "identity" : "sentry-cocoa",
      "kind" : "remoteSourceControl",
      "location" : "https://github.com/getsentry/sentry-cocoa.git",
      "state" : {
        "revision" : "5575af93efb776414f243e93d6af9f6258dc539a",
        "version" : "8.36.0"
      }
    },
    {
      "identity" : "themeable",
      "kind" : "remoteSourceControl",
      "location" : "https://github.com/GianniCarlo/Themeable.git",
      "state" : {
        "revision" : "28156cf724c6621be2b8916b0f04d43a763e830a",
        "version" : "1.1.0"
      }
    },
    {
      "identity" : "urlqueryencoder",
      "kind" : "remoteSourceControl",
      "location" : "https://github.com/CreateAPI/URLQueryEncoder",
      "state" : {
        "revision" : "4ce950479707ea109f229d7230ec074a133b15d7",
        "version" : "0.2.1"
      }
    },
    {
      "identity" : "ziparchive",
      "kind" : "remoteSourceControl",
      "location" : "https://github.com/GianniCarlo/ZipArchive.git",
      "state" : {
        "revision" : "57b6c4814fa8608c10bfb059df651e1cba320524",
        "version" : "2.3.0"
      }
    }
  ],
  "version" : 3
}
